
Microsoft Visual Studio Solution File, Format Version 12.00
# Visual Studio 14
VisualStudioVersion = 14.0.25123.0
MinimumVisualStudioVersion = 10.0.40219.1
Project("{FAE04EC0-301F-11D3-BF4B-00C04F79EFBC}") = "ChinaRAUnion.RedAlertPlus.Shell", "ChinaRAUnion.RedAlertPlus.Shell\ChinaRAUnion.RedAlertPlus.Shell.csproj", "{E186D170-DFB0-486D-ABC5-47FED0ACD783}"
	ProjectSection(ProjectDependencies) = postProject
		{74C2CBBC-E8D9-48DA-9A1E-59B6747C8A21} = {74C2CBBC-E8D9-48DA-9A1E-59B6747C8A21}
	EndProjectSection
EndProject
Project("{FAE04EC0-301F-11D3-BF4B-00C04F79EFBC}") = "ChinaRAUnion.RedAlertPlus.Resource", "ChinaRAUnion.RedAlertPlus.Resource\ChinaRAUnion.RedAlertPlus.Resource.csproj", "{F9528295-A31D-4D25-8725-08C3E0EB266D}"
EndProject
Project("{FAE04EC0-301F-11D3-BF4B-00C04F79EFBC}") = "ChinaRAUnion.RedAlertPlus.Core", "ChinaRAUnion.RedAlertPlus.Core\ChinaRAUnion.RedAlertPlus.Core.csproj", "{998B327E-48E3-4DD0-B2EC-6EB752670A25}"
EndProject
Project("{FAE04EC0-301F-11D3-BF4B-00C04F79EFBC}") = "ChinaRAUnion.RedAlertPlus.Audio", "ChinaRAUnion.RedAlertPlus.Audio\ChinaRAUnion.RedAlertPlus.Audio.csproj", "{78AD1E60-EF61-4D42-8AD7-454A356BBB62}"
EndProject
Project("{2150E333-8FDC-42A3-9474-1A3956D46DE8}") = "Tools", "Tools", "{F31BE5C4-F81C-4B7D-BD36-7979880706A1}"
EndProject
Project("{FAE04EC0-301F-11D3-BF4B-00C04F79EFBC}") = "ChinaRAUnion.RedAlertPlus.Map", "ChinaRAUnion.RedAlertPlus.Map\ChinaRAUnion.RedAlertPlus.Map.csproj", "{5A865E7E-ED20-425C-AF87-007D78C993D1}"
EndProject
Project("{8BC9CEB8-8B4A-11D0-8D11-00A0C91BC942}") = "ChinaRAUnion.RedAlertPlus.Interop", "ChinaRAUnion.RedAlertPlus.Interop\ChinaRAUnion.RedAlertPlus.Interop.vcxproj", "{81B78BC6-F4E4-412D-AA0A-529580D530E5}"
EndProject
Project("{2150E333-8FDC-42A3-9474-1A3956D46DE8}") = "Include", "Include", "{452D268E-7606-406E-8C15-127D15BB8836}"
	ProjectSection(SolutionItems) = preProject
		include\common.h = include\common.h
	EndProjectSection
EndProject
Project("{8BC9CEB8-8B4A-11D0-8D11-00A0C91BC942}") = "ChinaRAUnion.RedAlertPlus.Engine", "ChinaRAUnion.RedAlertPlus.Engine\ChinaRAUnion.RedAlertPlus.Engine.vcxproj", "{E4420DA6-0F0F-4A2E-8EBC-513FA19E099E}"
	ProjectSection(ProjectDependencies) = postProject
		{4EFA605A-7620-4584-B532-D7D267FBE254} = {4EFA605A-7620-4584-B532-D7D267FBE254}
	EndProjectSection
EndProject
Project("{8BC9CEB8-8B4A-11D0-8D11-00A0C91BC942}") = "ChinaRAUnion.RedAlertPlus.Assets", "ChinaRAUnion.RedAlertPlus.Assets\ChinaRAUnion.RedAlertPlus.Assets.vcxproj", "{74C2CBBC-E8D9-48DA-9A1E-59B6747C8A21}"
EndProject
Project("{FAE04EC0-301F-11D3-BF4B-00C04F79EFBC}") = "ChinaRAUnion.RedAlertPlus.MapEditor", "ChinaRAUnion.RedAlertPlus.MapEditor\ChinaRAUnion.RedAlertPlus.MapEditor.csproj", "{B5C675D9-DBB5-441E-9029-D0950DB86BEB}"
EndProject
Project("{2150E333-8FDC-42A3-9474-1A3956D46DE8}") = "Solution Items", "Solution Items", "{E46E9E8D-06C4-484E-91BD-04FF38DC650E}"
	ProjectSection(SolutionItems) = preProject
		ChinaRAUnion.RedAlertPlus.Api\global.json = ChinaRAUnion.RedAlertPlus.Api\global.json
	EndProjectSection
EndProject
Project("{8BB2217D-0F2D-49D1-97BC-3654ED321F3B}") = "ChinaRAUnion.RedAlertPlus.Api", "ChinaRAUnion.RedAlertPlus.Api\ChinaRAUnion.RedAlertPlus.Api.xproj", "{4EFA605A-7620-4584-B532-D7D267FBE254}"
EndProject
Global
	GlobalSection(SolutionConfigurationPlatforms) = preSolution
		Debug|Any CPU = Debug|Any CPU
		Debug|ARM = Debug|ARM
		Debug|Win32 = Debug|Win32
		Debug|x64 = Debug|x64
		Debug|x86 = Debug|x86
		Release|Any CPU = Release|Any CPU
		Release|ARM = Release|ARM
		Release|Win32 = Release|Win32
		Release|x64 = Release|x64
		Release|x86 = Release|x86
	EndGlobalSection
	GlobalSection(ProjectConfigurationPlatforms) = postSolution
		{E186D170-DFB0-486D-ABC5-47FED0ACD783}.Debug|Any CPU.ActiveCfg = Debug|x86
		{E186D170-DFB0-486D-ABC5-47FED0ACD783}.Debug|ARM.ActiveCfg = Debug|ARM
		{E186D170-DFB0-486D-ABC5-47FED0ACD783}.Debug|ARM.Build.0 = Debug|ARM
		{E186D170-DFB0-486D-ABC5-47FED0ACD783}.Debug|ARM.Deploy.0 = Debug|ARM
		{E186D170-DFB0-486D-ABC5-47FED0ACD783}.Debug|Win32.ActiveCfg = Debug|x86
		{E186D170-DFB0-486D-ABC5-47FED0ACD783}.Debug|Win32.Build.0 = Debug|x86
		{E186D170-DFB0-486D-ABC5-47FED0ACD783}.Debug|Win32.Deploy.0 = Debug|x86
		{E186D170-DFB0-486D-ABC5-47FED0ACD783}.Debug|x64.ActiveCfg = Debug|x64
		{E186D170-DFB0-486D-ABC5-47FED0ACD783}.Debug|x64.Build.0 = Debug|x64
		{E186D170-DFB0-486D-ABC5-47FED0ACD783}.Debug|x64.Deploy.0 = Debug|x64
		{E186D170-DFB0-486D-ABC5-47FED0ACD783}.Debug|x86.ActiveCfg = Debug|x86
		{E186D170-DFB0-486D-ABC5-47FED0ACD783}.Debug|x86.Build.0 = Debug|x86
		{E186D170-DFB0-486D-ABC5-47FED0ACD783}.Debug|x86.Deploy.0 = Debug|x86
		{E186D170-DFB0-486D-ABC5-47FED0ACD783}.Release|Any CPU.ActiveCfg = Release|x86
		{E186D170-DFB0-486D-ABC5-47FED0ACD783}.Release|ARM.ActiveCfg = Release|ARM
		{E186D170-DFB0-486D-ABC5-47FED0ACD783}.Release|ARM.Build.0 = Release|ARM
		{E186D170-DFB0-486D-ABC5-47FED0ACD783}.Release|ARM.Deploy.0 = Release|ARM
		{E186D170-DFB0-486D-ABC5-47FED0ACD783}.Release|Win32.ActiveCfg = Release|x86
		{E186D170-DFB0-486D-ABC5-47FED0ACD783}.Release|Win32.Build.0 = Release|x86
		{E186D170-DFB0-486D-ABC5-47FED0ACD783}.Release|Win32.Deploy.0 = Release|x86
		{E186D170-DFB0-486D-ABC5-47FED0ACD783}.Release|x64.ActiveCfg = Release|x64
		{E186D170-DFB0-486D-ABC5-47FED0ACD783}.Release|x64.Build.0 = Release|x64
		{E186D170-DFB0-486D-ABC5-47FED0ACD783}.Release|x64.Deploy.0 = Release|x64
		{E186D170-DFB0-486D-ABC5-47FED0ACD783}.Release|x86.ActiveCfg = Release|x86
		{E186D170-DFB0-486D-ABC5-47FED0ACD783}.Release|x86.Build.0 = Release|x86
		{E186D170-DFB0-486D-ABC5-47FED0ACD783}.Release|x86.Deploy.0 = Release|x86
		{F9528295-A31D-4D25-8725-08C3E0EB266D}.Debug|Any CPU.ActiveCfg = Debug|Any CPU
		{F9528295-A31D-4D25-8725-08C3E0EB266D}.Debug|Any CPU.Build.0 = Debug|Any CPU
		{F9528295-A31D-4D25-8725-08C3E0EB266D}.Debug|ARM.ActiveCfg = Debug|ARM
		{F9528295-A31D-4D25-8725-08C3E0EB266D}.Debug|ARM.Build.0 = Debug|ARM
		{F9528295-A31D-4D25-8725-08C3E0EB266D}.Debug|Win32.ActiveCfg = Debug|x86
		{F9528295-A31D-4D25-8725-08C3E0EB266D}.Debug|Win32.Build.0 = Debug|x86
		{F9528295-A31D-4D25-8725-08C3E0EB266D}.Debug|x64.ActiveCfg = Debug|x64
		{F9528295-A31D-4D25-8725-08C3E0EB266D}.Debug|x64.Build.0 = Debug|x64
		{F9528295-A31D-4D25-8725-08C3E0EB266D}.Debug|x86.ActiveCfg = Debug|x86
		{F9528295-A31D-4D25-8725-08C3E0EB266D}.Debug|x86.Build.0 = Debug|x86
		{F9528295-A31D-4D25-8725-08C3E0EB266D}.Release|Any CPU.ActiveCfg = Release|Any CPU
		{F9528295-A31D-4D25-8725-08C3E0EB266D}.Release|Any CPU.Build.0 = Release|Any CPU
		{F9528295-A31D-4D25-8725-08C3E0EB266D}.Release|ARM.ActiveCfg = Release|ARM
		{F9528295-A31D-4D25-8725-08C3E0EB266D}.Release|ARM.Build.0 = Release|ARM
		{F9528295-A31D-4D25-8725-08C3E0EB266D}.Release|Win32.ActiveCfg = Release|x86
		{F9528295-A31D-4D25-8725-08C3E0EB266D}.Release|Win32.Build.0 = Release|x86
		{F9528295-A31D-4D25-8725-08C3E0EB266D}.Release|x64.ActiveCfg = Release|x64
		{F9528295-A31D-4D25-8725-08C3E0EB266D}.Release|x64.Build.0 = Release|x64
		{F9528295-A31D-4D25-8725-08C3E0EB266D}.Release|x86.ActiveCfg = Release|x86
		{F9528295-A31D-4D25-8725-08C3E0EB266D}.Release|x86.Build.0 = Release|x86
		{998B327E-48E3-4DD0-B2EC-6EB752670A25}.Debug|Any CPU.ActiveCfg = Debug|Any CPU
		{998B327E-48E3-4DD0-B2EC-6EB752670A25}.Debug|Any CPU.Build.0 = Debug|Any CPU
		{998B327E-48E3-4DD0-B2EC-6EB752670A25}.Debug|ARM.ActiveCfg = Debug|ARM
		{998B327E-48E3-4DD0-B2EC-6EB752670A25}.Debug|ARM.Build.0 = Debug|ARM
		{998B327E-48E3-4DD0-B2EC-6EB752670A25}.Debug|Win32.ActiveCfg = Debug|x86
		{998B327E-48E3-4DD0-B2EC-6EB752670A25}.Debug|Win32.Build.0 = Debug|x86
		{998B327E-48E3-4DD0-B2EC-6EB752670A25}.Debug|x64.ActiveCfg = Debug|x64
		{998B327E-48E3-4DD0-B2EC-6EB752670A25}.Debug|x64.Build.0 = Debug|x64
		{998B327E-48E3-4DD0-B2EC-6EB752670A25}.Debug|x86.ActiveCfg = Debug|x86
		{998B327E-48E3-4DD0-B2EC-6EB752670A25}.Debug|x86.Build.0 = Debug|x86
		{998B327E-48E3-4DD0-B2EC-6EB752670A25}.Release|Any CPU.ActiveCfg = Release|Any CPU
		{998B327E-48E3-4DD0-B2EC-6EB752670A25}.Release|Any CPU.Build.0 = Release|Any CPU
		{998B327E-48E3-4DD0-B2EC-6EB752670A25}.Release|ARM.ActiveCfg = Release|ARM
		{998B327E-48E3-4DD0-B2EC-6EB752670A25}.Release|ARM.Build.0 = Release|ARM
		{998B327E-48E3-4DD0-B2EC-6EB752670A25}.Release|Win32.ActiveCfg = Release|x86
		{998B327E-48E3-4DD0-B2EC-6EB752670A25}.Release|Win32.Build.0 = Release|x86
		{998B327E-48E3-4DD0-B2EC-6EB752670A25}.Release|x64.ActiveCfg = Release|x64
		{998B327E-48E3-4DD0-B2EC-6EB752670A25}.Release|x64.Build.0 = Release|x64
		{998B327E-48E3-4DD0-B2EC-6EB752670A25}.Release|x86.ActiveCfg = Release|x86
		{998B327E-48E3-4DD0-B2EC-6EB752670A25}.Release|x86.Build.0 = Release|x86
		{78AD1E60-EF61-4D42-8AD7-454A356BBB62}.Debug|Any CPU.ActiveCfg = Debug|Any CPU
		{78AD1E60-EF61-4D42-8AD7-454A356BBB62}.Debug|Any CPU.Build.0 = Debug|Any CPU
		{78AD1E60-EF61-4D42-8AD7-454A356BBB62}.Debug|ARM.ActiveCfg = Debug|ARM
		{78AD1E60-EF61-4D42-8AD7-454A356BBB62}.Debug|ARM.Build.0 = Debug|ARM
		{78AD1E60-EF61-4D42-8AD7-454A356BBB62}.Debug|Win32.ActiveCfg = Debug|x86
		{78AD1E60-EF61-4D42-8AD7-454A356BBB62}.Debug|Win32.Build.0 = Debug|x86
		{78AD1E60-EF61-4D42-8AD7-454A356BBB62}.Debug|x64.ActiveCfg = Debug|x64
		{78AD1E60-EF61-4D42-8AD7-454A356BBB62}.Debug|x64.Build.0 = Debug|x64
		{78AD1E60-EF61-4D42-8AD7-454A356BBB62}.Debug|x86.ActiveCfg = Debug|x86
		{78AD1E60-EF61-4D42-8AD7-454A356BBB62}.Debug|x86.Build.0 = Debug|x86
		{78AD1E60-EF61-4D42-8AD7-454A356BBB62}.Release|Any CPU.ActiveCfg = Release|Any CPU
		{78AD1E60-EF61-4D42-8AD7-454A356BBB62}.Release|Any CPU.Build.0 = Release|Any CPU
		{78AD1E60-EF61-4D42-8AD7-454A356BBB62}.Release|ARM.ActiveCfg = Release|ARM
		{78AD1E60-EF61-4D42-8AD7-454A356BBB62}.Release|ARM.Build.0 = Release|ARM
		{78AD1E60-EF61-4D42-8AD7-454A356BBB62}.Release|Win32.ActiveCfg = Release|x86
		{78AD1E60-EF61-4D42-8AD7-454A356BBB62}.Release|Win32.Build.0 = Release|x86
		{78AD1E60-EF61-4D42-8AD7-454A356BBB62}.Release|x64.ActiveCfg = Release|x64
		{78AD1E60-EF61-4D42-8AD7-454A356BBB62}.Release|x64.Build.0 = Release|x64
		{78AD1E60-EF61-4D42-8AD7-454A356BBB62}.Release|x86.ActiveCfg = Release|x86
		{78AD1E60-EF61-4D42-8AD7-454A356BBB62}.Release|x86.Build.0 = Release|x86
		{5A865E7E-ED20-425C-AF87-007D78C993D1}.Debug|Any CPU.ActiveCfg = Debug|Any CPU
		{5A865E7E-ED20-425C-AF87-007D78C993D1}.Debug|Any CPU.Build.0 = Debug|Any CPU
		{5A865E7E-ED20-425C-AF87-007D78C993D1}.Debug|ARM.ActiveCfg = Debug|ARM
		{5A865E7E-ED20-425C-AF87-007D78C993D1}.Debug|ARM.Build.0 = Debug|ARM
		{5A865E7E-ED20-425C-AF87-007D78C993D1}.Debug|Win32.ActiveCfg = Debug|x86
		{5A865E7E-ED20-425C-AF87-007D78C993D1}.Debug|Win32.Build.0 = Debug|x86
		{5A865E7E-ED20-425C-AF87-007D78C993D1}.Debug|x64.ActiveCfg = Debug|x64
		{5A865E7E-ED20-425C-AF87-007D78C993D1}.Debug|x64.Build.0 = Debug|x64
		{5A865E7E-ED20-425C-AF87-007D78C993D1}.Debug|x86.ActiveCfg = Debug|x86
		{5A865E7E-ED20-425C-AF87-007D78C993D1}.Debug|x86.Build.0 = Debug|x86
		{5A865E7E-ED20-425C-AF87-007D78C993D1}.Release|Any CPU.ActiveCfg = Release|Any CPU
		{5A865E7E-ED20-425C-AF87-007D78C993D1}.Release|Any CPU.Build.0 = Release|Any CPU
		{5A865E7E-ED20-425C-AF87-007D78C993D1}.Release|ARM.ActiveCfg = Release|ARM
		{5A865E7E-ED20-425C-AF87-007D78C993D1}.Release|ARM.Build.0 = Release|ARM
		{5A865E7E-ED20-425C-AF87-007D78C993D1}.Release|Win32.ActiveCfg = Release|x86
		{5A865E7E-ED20-425C-AF87-007D78C993D1}.Release|Win32.Build.0 = Release|x86
		{5A865E7E-ED20-425C-AF87-007D78C993D1}.Release|x64.ActiveCfg = Release|x64
		{5A865E7E-ED20-425C-AF87-007D78C993D1}.Release|x64.Build.0 = Release|x64
		{5A865E7E-ED20-425C-AF87-007D78C993D1}.Release|x86.ActiveCfg = Release|x86
		{5A865E7E-ED20-425C-AF87-007D78C993D1}.Release|x86.Build.0 = Release|x86
		{81B78BC6-F4E4-412D-AA0A-529580D530E5}.Debug|Any CPU.ActiveCfg = Debug|Win32
		{81B78BC6-F4E4-412D-AA0A-529580D530E5}.Debug|ARM.ActiveCfg = Debug|ARM
		{81B78BC6-F4E4-412D-AA0A-529580D530E5}.Debug|ARM.Build.0 = Debug|ARM
		{81B78BC6-F4E4-412D-AA0A-529580D530E5}.Debug|Win32.ActiveCfg = Debug|Win32
		{81B78BC6-F4E4-412D-AA0A-529580D530E5}.Debug|Win32.Build.0 = Debug|Win32
		{81B78BC6-F4E4-412D-AA0A-529580D530E5}.Debug|x64.ActiveCfg = Debug|x64
		{81B78BC6-F4E4-412D-AA0A-529580D530E5}.Debug|x64.Build.0 = Debug|x64
		{81B78BC6-F4E4-412D-AA0A-529580D530E5}.Debug|x86.ActiveCfg = Debug|Win32
		{81B78BC6-F4E4-412D-AA0A-529580D530E5}.Debug|x86.Build.0 = Debug|Win32
		{81B78BC6-F4E4-412D-AA0A-529580D530E5}.Release|Any CPU.ActiveCfg = Release|Win32
		{81B78BC6-F4E4-412D-AA0A-529580D530E5}.Release|ARM.ActiveCfg = Release|ARM
		{81B78BC6-F4E4-412D-AA0A-529580D530E5}.Release|ARM.Build.0 = Release|ARM
		{81B78BC6-F4E4-412D-AA0A-529580D530E5}.Release|Win32.ActiveCfg = Release|Win32
		{81B78BC6-F4E4-412D-AA0A-529580D530E5}.Release|Win32.Build.0 = Release|Win32
		{81B78BC6-F4E4-412D-AA0A-529580D530E5}.Release|x64.ActiveCfg = Release|x64
		{81B78BC6-F4E4-412D-AA0A-529580D530E5}.Release|x64.Build.0 = Release|x64
		{81B78BC6-F4E4-412D-AA0A-529580D530E5}.Release|x86.ActiveCfg = Release|Win32
		{81B78BC6-F4E4-412D-AA0A-529580D530E5}.Release|x86.Build.0 = Release|Win32
		{E4420DA6-0F0F-4A2E-8EBC-513FA19E099E}.Debug|Any CPU.ActiveCfg = Debug|Win32
		{E4420DA6-0F0F-4A2E-8EBC-513FA19E099E}.Debug|ARM.ActiveCfg = Debug|ARM
		{E4420DA6-0F0F-4A2E-8EBC-513FA19E099E}.Debug|ARM.Build.0 = Debug|ARM
		{E4420DA6-0F0F-4A2E-8EBC-513FA19E099E}.Debug|Win32.ActiveCfg = Debug|Win32
		{E4420DA6-0F0F-4A2E-8EBC-513FA19E099E}.Debug|Win32.Build.0 = Debug|Win32
		{E4420DA6-0F0F-4A2E-8EBC-513FA19E099E}.Debug|x64.ActiveCfg = Debug|x64
		{E4420DA6-0F0F-4A2E-8EBC-513FA19E099E}.Debug|x64.Build.0 = Debug|x64
		{E4420DA6-0F0F-4A2E-8EBC-513FA19E099E}.Debug|x86.ActiveCfg = Debug|Win32
		{E4420DA6-0F0F-4A2E-8EBC-513FA19E099E}.Debug|x86.Build.0 = Debug|Win32
		{E4420DA6-0F0F-4A2E-8EBC-513FA19E099E}.Release|Any CPU.ActiveCfg = Release|Win32
		{E4420DA6-0F0F-4A2E-8EBC-513FA19E099E}.Release|ARM.ActiveCfg = Release|ARM
		{E4420DA6-0F0F-4A2E-8EBC-513FA19E099E}.Release|ARM.Build.0 = Release|ARM
		{E4420DA6-0F0F-4A2E-8EBC-513FA19E099E}.Release|Win32.ActiveCfg = Release|Win32
		{E4420DA6-0F0F-4A2E-8EBC-513FA19E099E}.Release|Win32.Build.0 = Release|Win32
		{E4420DA6-0F0F-4A2E-8EBC-513FA19E099E}.Release|x64.ActiveCfg = Release|x64
		{E4420DA6-0F0F-4A2E-8EBC-513FA19E099E}.Release|x64.Build.0 = Release|x64
		{E4420DA6-0F0F-4A2E-8EBC-513FA19E099E}.Release|x86.ActiveCfg = Release|Win32
		{E4420DA6-0F0F-4A2E-8EBC-513FA19E099E}.Release|x86.Build.0 = Release|Win32
		{74C2CBBC-E8D9-48DA-9A1E-59B6747C8A21}.Debug|Any CPU.ActiveCfg = Debug|Win32
		{74C2CBBC-E8D9-48DA-9A1E-59B6747C8A21}.Debug|ARM.ActiveCfg = Debug|Win32
		{74C2CBBC-E8D9-48DA-9A1E-59B6747C8A21}.Debug|Win32.ActiveCfg = Debug|Win32
		{74C2CBBC-E8D9-48DA-9A1E-59B6747C8A21}.Debug|Win32.Build.0 = Debug|Win32
		{74C2CBBC-E8D9-48DA-9A1E-59B6747C8A21}.Debug|x64.ActiveCfg = Debug|x64
		{74C2CBBC-E8D9-48DA-9A1E-59B6747C8A21}.Debug|x64.Build.0 = Debug|x64
		{74C2CBBC-E8D9-48DA-9A1E-59B6747C8A21}.Debug|x86.ActiveCfg = Debug|Win32
		{74C2CBBC-E8D9-48DA-9A1E-59B6747C8A21}.Debug|x86.Build.0 = Debug|Win32
		{74C2CBBC-E8D9-48DA-9A1E-59B6747C8A21}.Release|Any CPU.ActiveCfg = Release|Win32
		{74C2CBBC-E8D9-48DA-9A1E-59B6747C8A21}.Release|ARM.ActiveCfg = Release|Win32
		{74C2CBBC-E8D9-48DA-9A1E-59B6747C8A21}.Release|Win32.ActiveCfg = Release|Win32
		{74C2CBBC-E8D9-48DA-9A1E-59B6747C8A21}.Release|Win32.Build.0 = Release|Win32
		{74C2CBBC-E8D9-48DA-9A1E-59B6747C8A21}.Release|x64.ActiveCfg = Release|x64
		{74C2CBBC-E8D9-48DA-9A1E-59B6747C8A21}.Release|x64.Build.0 = Release|x64
		{74C2CBBC-E8D9-48DA-9A1E-59B6747C8A21}.Release|x86.ActiveCfg = Release|Win32
		{74C2CBBC-E8D9-48DA-9A1E-59B6747C8A21}.Release|x86.Build.0 = Release|Win32
		{B5C675D9-DBB5-441E-9029-D0950DB86BEB}.Debug|Any CPU.ActiveCfg = Debug|x86
		{B5C675D9-DBB5-441E-9029-D0950DB86BEB}.Debug|ARM.ActiveCfg = Debug|ARM
		{B5C675D9-DBB5-441E-9029-D0950DB86BEB}.Debug|ARM.Build.0 = Debug|ARM
		{B5C675D9-DBB5-441E-9029-D0950DB86BEB}.Debug|ARM.Deploy.0 = Debug|ARM
		{B5C675D9-DBB5-441E-9029-D0950DB86BEB}.Debug|Win32.ActiveCfg = Debug|x86
		{B5C675D9-DBB5-441E-9029-D0950DB86BEB}.Debug|Win32.Build.0 = Debug|x86
		{B5C675D9-DBB5-441E-9029-D0950DB86BEB}.Debug|Win32.Deploy.0 = Debug|x86
		{B5C675D9-DBB5-441E-9029-D0950DB86BEB}.Debug|x64.ActiveCfg = Debug|x64
		{B5C675D9-DBB5-441E-9029-D0950DB86BEB}.Debug|x64.Build.0 = Debug|x64
		{B5C675D9-DBB5-441E-9029-D0950DB86BEB}.Debug|x64.Deploy.0 = Debug|x64
		{B5C675D9-DBB5-441E-9029-D0950DB86BEB}.Debug|x86.ActiveCfg = Debug|x86
		{B5C675D9-DBB5-441E-9029-D0950DB86BEB}.Debug|x86.Build.0 = Debug|x86
		{B5C675D9-DBB5-441E-9029-D0950DB86BEB}.Debug|x86.Deploy.0 = Debug|x86
		{B5C675D9-DBB5-441E-9029-D0950DB86BEB}.Release|Any CPU.ActiveCfg = Release|x86
		{B5C675D9-DBB5-441E-9029-D0950DB86BEB}.Release|ARM.ActiveCfg = Release|ARM
		{B5C675D9-DBB5-441E-9029-D0950DB86BEB}.Release|ARM.Build.0 = Release|ARM
		{B5C675D9-DBB5-441E-9029-D0950DB86BEB}.Release|ARM.Deploy.0 = Release|ARM
		{B5C675D9-DBB5-441E-9029-D0950DB86BEB}.Release|Win32.ActiveCfg = Release|x86
		{B5C675D9-DBB5-441E-9029-D0950DB86BEB}.Release|Win32.Build.0 = Release|x86
		{B5C675D9-DBB5-441E-9029-D0950DB86BEB}.Release|Win32.Deploy.0 = Release|x86
		{B5C675D9-DBB5-441E-9029-D0950DB86BEB}.Release|x64.ActiveCfg = Release|x64
		{B5C675D9-DBB5-441E-9029-D0950DB86BEB}.Release|x64.Build.0 = Release|x64
		{B5C675D9-DBB5-441E-9029-D0950DB86BEB}.Release|x64.Deploy.0 = Release|x64
		{B5C675D9-DBB5-441E-9029-D0950DB86BEB}.Release|x86.ActiveCfg = Release|x86
		{B5C675D9-DBB5-441E-9029-D0950DB86BEB}.Release|x86.Build.0 = Release|x86
		{B5C675D9-DBB5-441E-9029-D0950DB86BEB}.Release|x86.Deploy.0 = Release|x86
		{4EFA605A-7620-4584-B532-D7D267FBE254}.Debug|Any CPU.ActiveCfg = Debug|Any CPU
		{4EFA605A-7620-4584-B532-D7D267FBE254}.Debug|Any CPU.Build.0 = Debug|Any CPU
		{4EFA605A-7620-4584-B532-D7D267FBE254}.Debug|ARM.ActiveCfg = Debug|Any CPU
		{4EFA605A-7620-4584-B532-D7D267FBE254}.Debug|ARM.Build.0 = Debug|Any CPU
		{4EFA605A-7620-4584-B532-D7D267FBE254}.Debug|Win32.ActiveCfg = Debug|Any CPU
		{4EFA605A-7620-4584-B532-D7D267FBE254}.Debug|Win32.Build.0 = Debug|Any CPU
		{4EFA605A-7620-4584-B532-D7D267FBE254}.Debug|x64.ActiveCfg = Debug|Any CPU
		{4EFA605A-7620-4584-B532-D7D267FBE254}.Debug|x64.Build.0 = Debug|Any CPU
		{4EFA605A-7620-4584-B532-D7D267FBE254}.Debug|x86.ActiveCfg = Debug|Any CPU
		{4EFA605A-7620-4584-B532-D7D267FBE254}.Debug|x86.Build.0 = Debug|Any CPU
		{4EFA605A-7620-4584-B532-D7D267FBE254}.Release|Any CPU.ActiveCfg = Release|Any CPU
		{4EFA605A-7620-4584-B532-D7D267FBE254}.Release|Any CPU.Build.0 = Release|Any CPU
		{4EFA605A-7620-4584-B532-D7D267FBE254}.Release|ARM.ActiveCfg = Release|Any CPU
		{4EFA605A-7620-4584-B532-D7D267FBE254}.Release|ARM.Build.0 = Release|Any CPU
		{4EFA605A-7620-4584-B532-D7D267FBE254}.Release|Win32.ActiveCfg = Release|Any CPU
		{4EFA605A-7620-4584-B532-D7D267FBE254}.Release|Win32.Build.0 = Release|Any CPU
		{4EFA605A-7620-4584-B532-D7D267FBE254}.Release|x64.ActiveCfg = Release|Any CPU
		{4EFA605A-7620-4584-B532-D7D267FBE254}.Release|x64.Build.0 = Release|Any CPU
		{4EFA605A-7620-4584-B532-D7D267FBE254}.Release|x86.ActiveCfg = Release|Any CPU
		{4EFA605A-7620-4584-B532-D7D267FBE254}.Release|x86.Build.0 = Release|Any CPU
	EndGlobalSection
	GlobalSection(SolutionProperties) = preSolution
		HideSolutionNode = FALSE
	EndGlobalSection
EndGlobal
